{
  "name": "workflow-build",
  "version": "1.0.0",
  "lockfileVersion": 3,
  "requires": true,
  "packages": {
    "": {
      "name": "workflow-build",
      "version": "1.0.0",
      "license": "ISC",
      "dependencies": {
        "@dograh/sdk": "^0.1.7"
      }
    },
    "node_modules/@dograh/sdk": {
      "version": "0.1.7",
      "resolved": "https://registry.npmjs.org/@dograh/sdk/-/sdk-0.1.7.tgz",
      "integrity": "sha512-XFWweVhrt7ZBkJ8563ELmgyWumsp/J5WB5lLyIwxvUre1iXhkkdJWrytHKOLoYtuFCZREX8p/MxGYyu8i1hATw==",
      "license": "BSD-2-Clause",
      "engines": {
        "node": ">=20"
      }
    }
  }
}
